
Microsoft Visual Studio Solution File, Format Version 12.00
# Visual Studio Version 16
VisualStudioVersion = 16.0.33801.447
MinimumVisualStudioVersion = 10.0.40219.1
Project("{2150E333-8FDC-42A3-9474-1A3956D46DE8}") = "Task0", "Task0", "{828E79BD-F039-422B-9EF2-A451A739A638}"
EndProject
Project("{FAE04EC0-301F-11D3-BF4B-00C04F79EFBC}") = "Tyuiu.SpirinIS.Sprint0.Task0.V0", "Tyuiu.SpirinIS.Sprint0.Task0.V0\Tyuiu.SpirinIS.Sprint0.Task0.V0.csproj", "{40BAA85C-FFAD-4AAC-9373-5E1890BE7EF4}"
EndProject
Project("{2150E333-8FDC-42A3-9474-1A3956D46DE8}") = "Task1", "Task1", "{05082F7A-0991-42B6-8C7C-2939BBB47D6E}"
EndProject
Project("{FAE04EC0-301F-11D3-BF4B-00C04F79EFBC}") = "Tyuiu.SpirinIS.Sprint0.Task1.V0", "Tyuiu.SpirinIS.Sprint0.Task1.V0\Tyuiu.SpirinIS.Sprint0.Task1.V0.csproj", "{70A71DF2-3DA8-4DF5-A1D7-CF5F18FA8972}"
EndProject
Project("{2150E333-8FDC-42A3-9474-1A3956D46DE8}") = "Task2", "Task2", "{F5B94E79-F31B-4834-97AB-CB272F0143E4}"
EndProject
Project("{FAE04EC0-301F-11D3-BF4B-00C04F79EFBC}") = "Tyuiu.SpirinIS.Sprint0.Task2.V0", "Tyuiu.SpirinIS.Sprint0.Task2.V0\Tyuiu.SpirinIS.Sprint0.Task2.V0.csproj", "{EB48F99C-945C-4DB5-9BFE-6C195AA87B60}"
EndProject
Project("{FAE04EC0-301F-11D3-BF4B-00C04F79EFBC}") = "Tyuiu.SpirinIS.Sprint0.Task2.V0.Lib", "Tyuiu.SpirinIS.Sprint0.Task2.V0.Lib\Tyuiu.SpirinIS.Sprint0.Task2.V0.Lib.csproj", "{179224A0-8A67-4131-A3CB-ED3180B8ECF7}"
EndProject
Project("{FAE04EC0-301F-11D3-BF4B-00C04F79EFBC}") = "Tyuiu.SpirinIS.Sprint0.Task2.V0.Test", "Tyuiu.SpirinIS.Sprint0.Task2.V0.Test\Tyuiu.SpirinIS.Sprint0.Task2.V0.Test.csproj", "{F0E4E16F-B17F-4E4A-A0C5-4ADD75228E3D}"
EndProject
Project("{2150E333-8FDC-42A3-9474-1A3956D46DE8}") = "Task3", "Task3", "{685C2459-D4F7-4E51-A2E6-4CA13E26DCFE}"
EndProject
Project("{FAE04EC0-301F-11D3-BF4B-00C04F79EFBC}") = "Tyuiu.SpirinIS.Sprint0.Task3.V0", "Tyuiu.SpirinIS.Sprint0.Task3.V0\Tyuiu.SpirinIS.Sprint0.Task3.V0.csproj", "{BE8D3304-29CC-47DC-B169-E96D39CE10D4}"
EndProject
Project("{FAE04EC0-301F-11D3-BF4B-00C04F79EFBC}") = "Tyuiu.SpirinIS.Sprint0.Task3.V0.Lib", "Tyuiu.SpirinIS.Sprint0.Task3.V0.Lib\Tyuiu.SpirinIS.Sprint0.Task3.V0.Lib.csproj", "{C6940632-3C87-4863-A2E3-4CB144029D40}"
EndProject
Project("{FAE04EC0-301F-11D3-BF4B-00C04F79EFBC}") = "Tyuiu.SpirinIS.Sprint0.Task3.V0.Test", "Tyuiu.SpirinIS.Sprint0.Task3.V0.Test\Tyuiu.SpirinIS.Sprint0.Task3.V0.Test.csproj", "{613214FA-DF19-4B75-9B08-66D4B68175C8}"
EndProject
Project("{2150E333-8FDC-42A3-9474-1A3956D46DE8}") = "Task4", "Task4", "{A63B10B1-2050-404F-8277-0444AB7CB618}"
EndProject
Project("{FAE04EC0-301F-11D3-BF4B-00C04F79EFBC}") = "Tyuiu.SpirinIS.Sprint0.Task4.V0", "Tyuiu.SpirinIS.Sprint0.Task4.V0\Tyuiu.SpirinIS.Sprint0.Task4.V0.csproj", "{2454DC13-40AE-4ED0-BBEC-55C0DAEDA7A5}"
EndProject
Project("{FAE04EC0-301F-11D3-BF4B-00C04F79EFBC}") = "Tyuiu.SpirinIS.Sprint0.Task4.V0.Lib", "Tyuiu.SpirinIS.Sprint0.Task4.V0.Lib\Tyuiu.SpirinIS.Sprint0.Task4.V0.Lib.csproj", "{438D9D40-CA44-4FFA-884B-4D18533DB0E6}"
EndProject
Project("{FAE04EC0-301F-11D3-BF4B-00C04F79EFBC}") = "Tyuiu.SpirinIS.Sprint0.Task4.V0.Test", "Tyuiu.SpirinIS.Sprint0.Task4.V0.Test\Tyuiu.SpirinIS.Sprint0.Task4.V0.Test.csproj", "{B8DB3EE0-1EEC-49B1-AC93-10958C163668}"
EndProject
Project("{2150E333-8FDC-42A3-9474-1A3956D46DE8}") = "Task5", "Task5", "{D1DE8BB2-9BC4-41C1-B6EC-CFA930953216}"
EndProject
Project("{FAE04EC0-301F-11D3-BF4B-00C04F79EFBC}") = "Tyuiu.SpirinIS.Sprint0.Task5.V0", "Tyuiu.SpirinIS.Sprint0.Task5.V0\Tyuiu.SpirinIS.Sprint0.Task5.V0.csproj", "{872C6C96-590E-4EC3-9077-97C677ABBDD1}"
EndProject
Project("{FAE04EC0-301F-11D3-BF4B-00C04F79EFBC}") = "Tyuiu.SpirinIS.Sprint0.Task5.V0.Lib", "Tyuiu.SpirinIS.Sprint0.Task5.V0.Lib\Tyuiu.SpirinIS.Sprint0.Task5.V0.Lib.csproj", "{D0C4DCEA-74E1-4CEE-8B18-EBCD2C442FC2}"
EndProject
Project("{FAE04EC0-301F-11D3-BF4B-00C04F79EFBC}") = "Tyuiu.SpirinIS.Sprint0.Task5.V0.Test", "Tyuiu.SpirinIS.Sprint0.Task5.V0.Test\Tyuiu.SpirinIS.Sprint0.Task5.V0.Test.csproj", "{D99A0FCF-90CD-4277-861C-DFCCEBA31372}"
EndProject
Project("{2150E333-8FDC-42A3-9474-1A3956D46DE8}") = "Task6", "Task6", "{7EA9AA6A-38BF-4388-9530-427A4F807203}"
EndProject
Project("{FAE04EC0-301F-11D3-BF4B-00C04F79EFBC}") = "Tyuiu.SpirinIS.Sprint0.Task6.V0", "Tyuiu.SpirinIS.Sprint0.Task6.V0\Tyuiu.SpirinIS.Sprint0.Task6.V0.csproj", "{33C87FAE-350D-4E93-8101-C4C1536BE2B7}"
EndProject
Project("{FAE04EC0-301F-11D3-BF4B-00C04F79EFBC}") = "Tyuiu.SpirinIS.Sprint0.Task6.V0.Lib", "Tyuiu.SpirinIS.Sprint0.Task6.V0.Lib\Tyuiu.SpirinIS.Sprint0.Task6.V0.Lib.csproj", "{0EB25535-9543-4F3A-9BCD-EA6ABF990293}"
EndProject
Project("{FAE04EC0-301F-11D3-BF4B-00C04F79EFBC}") = "Tyuiu.SpirinIS.Sprint0.Task6.V0.Test", "Tyuiu.SpirinIS.Sprint0.Task6.V0.Test\Tyuiu.SpirinIS.Sprint0.Task6.V0.Test.csproj", "{4CA41461-CA38-4F43-BC70-9511E978EF9C}"
EndProject
Project("{2150E333-8FDC-42A3-9474-1A3956D46DE8}") = "Task7", "Task7", "{FEC7FAA4-8581-4AD1-98AA-84F660DB8E68}"
EndProject
Project("{FAE04EC0-301F-11D3-BF4B-00C04F79EFBC}") = "Tyuiu.SpirinIS.Sprint0.Task7.V0", "Tyuiu.SpirinIS.Sprint0.Task7.V0\Tyuiu.SpirinIS.Sprint0.Task7.V0.csproj", "{4E6FB40A-6037-4161-9829-2A328FB956DB}"
EndProject
Project("{FAE04EC0-301F-11D3-BF4B-00C04F79EFBC}") = "Tyuiu.SpirinIS.Sprint0.Task7.V0.Lib", "Tyuiu.SpirinIS.Sprint0.Task7.V0.Lib\Tyuiu.SpirinIS.Sprint0.Task7.V0.Lib.csproj", "{F98B4B1D-C5AB-4230-9C93-608D7A05D7A4}"
EndProject
Project("{FAE04EC0-301F-11D3-BF4B-00C04F79EFBC}") = "Tyuiu.SpirinIS.Sprint0.Task7.V0.Test", "Tyuiu.SpirinIS.Sprint0.Task7.V0.Test\Tyuiu.SpirinIS.Sprint0.Task7.V0.Test.csproj", "{9D378207-647F-4D3F-A860-C12FD3817E0C}"
EndProject
Global
	GlobalSection(SolutionConfigurationPlatforms) = preSolution
		Debug|Any CPU = Debug|Any CPU
		Release|Any CPU = Release|Any CPU
	EndGlobalSection
	GlobalSection(ProjectConfigurationPlatforms) = postSolution
		{40BAA85C-FFAD-4AAC-9373-5E1890BE7EF4}.Debug|Any CPU.ActiveCfg = Debug|Any CPU
		{40BAA85C-FFAD-4AAC-9373-5E1890BE7EF4}.Debug|Any CPU.Build.0 = Debug|Any CPU
		{40BAA85C-FFAD-4AAC-9373-5E1890BE7EF4}.Release|Any CPU.ActiveCfg = Release|Any CPU
		{40BAA85C-FFAD-4AAC-9373-5E1890BE7EF4}.Release|Any CPU.Build.0 = Release|Any CPU
		{70A71DF2-3DA8-4DF5-A1D7-CF5F18FA8972}.Debug|Any CPU.ActiveCfg = Debug|Any CPU
		{70A71DF2-3DA8-4DF5-A1D7-CF5F18FA8972}.Debug|Any CPU.Build.0 = Debug|Any CPU
		{70A71DF2-3DA8-4DF5-A1D7-CF5F18FA8972}.Release|Any CPU.ActiveCfg = Release|Any CPU
		{70A71DF2-3DA8-4DF5-A1D7-CF5F18FA8972}.Release|Any CPU.Build.0 = Release|Any CPU
		{EB48F99C-945C-4DB5-9BFE-6C195AA87B60}.Debug|Any CPU.ActiveCfg = Debug|Any CPU
		{EB48F99C-945C-4DB5-9BFE-6C195AA87B60}.Debug|Any CPU.Build.0 = Debug|Any CPU
		{EB48F99C-945C-4DB5-9BFE-6C195AA87B60}.Release|Any CPU.ActiveCfg = Release|Any CPU
		{EB48F99C-945C-4DB5-9BFE-6C195AA87B60}.Release|Any CPU.Build.0 = Release|Any CPU
		{179224A0-8A67-4131-A3CB-ED3180B8ECF7}.Debug|Any CPU.ActiveCfg = Debug|Any CPU
		{179224A0-8A67-4131-A3CB-ED3180B8ECF7}.Debug|Any CPU.Build.0 = Debug|Any CPU
		{179224A0-8A67-4131-A3CB-ED3180B8ECF7}.Release|Any CPU.ActiveCfg = Release|Any CPU
		{179224A0-8A67-4131-A3CB-ED3180B8ECF7}.Release|Any CPU.Build.0 = Release|Any CPU
		{F0E4E16F-B17F-4E4A-A0C5-4ADD75228E3D}.Debug|Any CPU.ActiveCfg = Debug|Any CPU
		{F0E4E16F-B17F-4E4A-A0C5-4ADD75228E3D}.Debug|Any CPU.Build.0 = Debug|Any CPU
		{F0E4E16F-B17F-4E4A-A0C5-4ADD75228E3D}.Release|Any CPU.ActiveCfg = Release|Any CPU
		{F0E4E16F-B17F-4E4A-A0C5-4ADD75228E3D}.Release|Any CPU.Build.0 = Release|Any CPU
		{BE8D3304-29CC-47DC-B169-E96D39CE10D4}.Debug|Any CPU.ActiveCfg = Debug|Any CPU
		{BE8D3304-29CC-47DC-B169-E96D39CE10D4}.Debug|Any CPU.Build.0 = Debug|Any CPU
		{BE8D3304-29CC-47DC-B169-E96D39CE10D4}.Release|Any CPU.ActiveCfg = Release|Any CPU
		{BE8D3304-29CC-47DC-B169-E96D39CE10D4}.Release|Any CPU.Build.0 = Release|Any CPU
		{C6940632-3C87-4863-A2E3-4CB144029D40}.Debug|Any CPU.ActiveCfg = Debug|Any CPU
		{C6940632-3C87-4863-A2E3-4CB144029D40}.Debug|Any CPU.Build.0 = Debug|Any CPU
		{C6940632-3C87-4863-A2E3-4CB144029D40}.Release|Any CPU.ActiveCfg = Release|Any CPU
		{C6940632-3C87-4863-A2E3-4CB144029D40}.Release|Any CPU.Build.0 = Release|Any CPU
		{613214FA-DF19-4B75-9B08-66D4B68175C8}.Debug|Any CPU.ActiveCfg = Debug|Any CPU
		{613214FA-DF19-4B75-9B08-66D4B68175C8}.Debug|Any CPU.Build.0 = Debug|Any CPU
		{613214FA-DF19-4B75-9B08-66D4B68175C8}.Release|Any CPU.ActiveCfg = Release|Any CPU
		{613214FA-DF19-4B75-9B08-66D4B68175C8}.Release|Any CPU.Build.0 = Release|Any CPU
		{2454DC13-40AE-4ED0-BBEC-55C0DAEDA7A5}.Debug|Any CPU.ActiveCfg = Debug|Any CPU
		{2454DC13-40AE-4ED0-BBEC-55C0DAEDA7A5}.Debug|Any CPU.Build.0 = Debug|Any CPU
		{2454DC13-40AE-4ED0-BBEC-55C0DAEDA7A5}.Release|Any CPU.ActiveCfg = Release|Any CPU
		{2454DC13-40AE-4ED0-BBEC-55C0DAEDA7A5}.Release|Any CPU.Build.0 = Release|Any CPU
		{438D9D40-CA44-4FFA-884B-4D18533DB0E6}.Debug|Any CPU.ActiveCfg = Debug|Any CPU
		{438D9D40-CA44-4FFA-884B-4D18533DB0E6}.Debug|Any CPU.Build.0 = Debug|Any CPU
		{438D9D40-CA44-4FFA-884B-4D18533DB0E6}.Release|Any CPU.ActiveCfg = Release|Any CPU
		{438D9D40-CA44-4FFA-884B-4D18533DB0E6}.Release|Any CPU.Build.0 = Release|Any CPU
		{B8DB3EE0-1EEC-49B1-AC93-10958C163668}.Debug|Any CPU.ActiveCfg = Debug|Any CPU
		{B8DB3EE0-1EEC-49B1-AC93-10958C163668}.Debug|Any CPU.Build.0 = Debug|Any CPU
		{B8DB3EE0-1EEC-49B1-AC93-10958C163668}.Release|Any CPU.ActiveCfg = Release|Any CPU
		{B8DB3EE0-1EEC-49B1-AC93-10958C163668}.Release|Any CPU.Build.0 = Release|Any CPU
		{872C6C96-590E-4EC3-9077-97C677ABBDD1}.Debug|Any CPU.ActiveCfg = Debug|Any CPU
		{872C6C96-590E-4EC3-9077-97C677ABBDD1}.Debug|Any CPU.Build.0 = Debug|Any CPU
		{872C6C96-590E-4EC3-9077-97C677ABBDD1}.Release|Any CPU.ActiveCfg = Release|Any CPU
		{872C6C96-590E-4EC3-9077-97C677ABBDD1}.Release|Any CPU.Build.0 = Release|Any CPU
		{D0C4DCEA-74E1-4CEE-8B18-EBCD2C442FC2}.Debug|Any CPU.ActiveCfg = Debug|Any CPU
		{D0C4DCEA-74E1-4CEE-8B18-EBCD2C442FC2}.Debug|Any CPU.Build.0 = Debug|Any CPU
		{D0C4DCEA-74E1-4CEE-8B18-EBCD2C442FC2}.Release|Any CPU.ActiveCfg = Release|Any CPU
		{D0C4DCEA-74E1-4CEE-8B18-EBCD2C442FC2}.Release|Any CPU.Build.0 = Release|Any CPU
		{D99A0FCF-90CD-4277-861C-DFCCEBA31372}.Debug|Any CPU.ActiveCfg = Debug|Any CPU
		{D99A0FCF-90CD-4277-861C-DFCCEBA31372}.Debug|Any CPU.Build.0 = Debug|Any CPU
		{D99A0FCF-90CD-4277-861C-DFCCEBA31372}.Release|Any CPU.ActiveCfg = Release|Any CPU
		{D99A0FCF-90CD-4277-861C-DFCCEBA31372}.Release|Any CPU.Build.0 = Release|Any CPU
		{33C87FAE-350D-4E93-8101-C4C1536BE2B7}.Debug|Any CPU.ActiveCfg = Debug|Any CPU
		{33C87FAE-350D-4E93-8101-C4C1536BE2B7}.Debug|Any CPU.Build.0 = Debug|Any CPU
		{33C87FAE-350D-4E93-8101-C4C1536BE2B7}.Release|Any CPU.ActiveCfg = Release|Any CPU
		{33C87FAE-350D-4E93-8101-C4C1536BE2B7}.Release|Any CPU.Build.0 = Release|Any CPU
		{0EB25535-9543-4F3A-9BCD-EA6ABF990293}.Debug|Any CPU.ActiveCfg = Debug|Any CPU
		{0EB25535-9543-4F3A-9BCD-EA6ABF990293}.Debug|Any CPU.Build.0 = Debug|Any CPU
		{0EB25535-9543-4F3A-9BCD-EA6ABF990293}.Release|Any CPU.ActiveCfg = Release|Any CPU
		{0EB25535-9543-4F3A-9BCD-EA6ABF990293}.Release|Any CPU.Build.0 = Release|Any CPU
		{4CA41461-CA38-4F43-BC70-9511E978EF9C}.Debug|Any CPU.ActiveCfg = Debug|Any CPU
		{4CA41461-CA38-4F43-BC70-9511E978EF9C}.Debug|Any CPU.Build.0 = Debug|Any CPU
		{4CA41461-CA38-4F43-BC70-9511E978EF9C}.Release|Any CPU.ActiveCfg = Release|Any CPU
		{4CA41461-CA38-4F43-BC70-9511E978EF9C}.Release|Any CPU.Build.0 = Release|Any CPU
		{4E6FB40A-6037-4161-9829-2A328FB956DB}.Debug|Any CPU.ActiveCfg = Debug|Any CPU
		{4E6FB40A-6037-4161-9829-2A328FB956DB}.Debug|Any CPU.Build.0 = Debug|Any CPU
		{4E6FB40A-6037-4161-9829-2A328FB956DB}.Release|Any CPU.ActiveCfg = Release|Any CPU
		{4E6FB40A-6037-4161-9829-2A328FB956DB}.Release|Any CPU.Build.0 = Release|Any CPU
		{F98B4B1D-C5AB-4230-9C93-608D7A05D7A4}.Debug|Any CPU.ActiveCfg = Debug|Any CPU
		{F98B4B1D-C5AB-4230-9C93-608D7A05D7A4}.Debug|Any CPU.Build.0 = Debug|Any CPU
		{F98B4B1D-C5AB-4230-9C93-608D7A05D7A4}.Release|Any CPU.ActiveCfg = Release|Any CPU
		{F98B4B1D-C5AB-4230-9C93-608D7A05D7A4}.Release|Any CPU.Build.0 = Release|Any CPU
		{9D378207-647F-4D3F-A860-C12FD3817E0C}.Debug|Any CPU.ActiveCfg = Debug|Any CPU
		{9D378207-647F-4D3F-A860-C12FD3817E0C}.Debug|Any CPU.Build.0 = Debug|Any CPU
		{9D378207-647F-4D3F-A860-C12FD3817E0C}.Release|Any CPU.ActiveCfg = Release|Any CPU
		{9D378207-647F-4D3F-A860-C12FD3817E0C}.Release|Any CPU.Build.0 = Release|Any CPU
	EndGlobalSection
	GlobalSection(SolutionProperties) = preSolution
		HideSolutionNode = FALSE
	EndGlobalSection
	GlobalSection(NestedProjects) = preSolution
		{40BAA85C-FFAD-4AAC-9373-5E1890BE7EF4} = {828E79BD-F039-422B-9EF2-A451A739A638}
		{70A71DF2-3DA8-4DF5-A1D7-CF5F18FA8972} = {05082F7A-0991-42B6-8C7C-2939BBB47D6E}
		{EB48F99C-945C-4DB5-9BFE-6C195AA87B60} = {F5B94E79-F31B-4834-97AB-CB272F0143E4}
		{179224A0-8A67-4131-A3CB-ED3180B8ECF7} = {F5B94E79-F31B-4834-97AB-CB272F0143E4}
		{F0E4E16F-B17F-4E4A-A0C5-4ADD75228E3D} = {F5B94E79-F31B-4834-97AB-CB272F0143E4}
		{BE8D3304-29CC-47DC-B169-E96D39CE10D4} = {685C2459-D4F7-4E51-A2E6-4CA13E26DCFE}
		{C6940632-3C87-4863-A2E3-4CB144029D40} = {685C2459-D4F7-4E51-A2E6-4CA13E26DCFE}
		{613214FA-DF19-4B75-9B08-66D4B68175C8} = {685C2459-D4F7-4E51-A2E6-4CA13E26DCFE}
		{2454DC13-40AE-4ED0-BBEC-55C0DAEDA7A5} = {A63B10B1-2050-404F-8277-0444AB7CB618}
		{438D9D40-CA44-4FFA-884B-4D18533DB0E6} = {A63B10B1-2050-404F-8277-0444AB7CB618}
		{B8DB3EE0-1EEC-49B1-AC93-10958C163668} = {A63B10B1-2050-404F-8277-0444AB7CB618}
		{872C6C96-590E-4EC3-9077-97C677ABBDD1} = {D1DE8BB2-9BC4-41C1-B6EC-CFA930953216}
		{D0C4DCEA-74E1-4CEE-8B18-EBCD2C442FC2} = {D1DE8BB2-9BC4-41C1-B6EC-CFA930953216}
		{D99A0FCF-90CD-4277-861C-DFCCEBA31372} = {D1DE8BB2-9BC4-41C1-B6EC-CFA930953216}
		{33C87FAE-350D-4E93-8101-C4C1536BE2B7} = {7EA9AA6A-38BF-4388-9530-427A4F807203}
		{0EB25535-9543-4F3A-9BCD-EA6ABF990293} = {7EA9AA6A-38BF-4388-9530-427A4F807203}
		{4CA41461-CA38-4F43-BC70-9511E978EF9C} = {7EA9AA6A-38BF-4388-9530-427A4F807203}
		{4E6FB40A-6037-4161-9829-2A328FB956DB} = {FEC7FAA4-8581-4AD1-98AA-84F660DB8E68}
		{F98B4B1D-C5AB-4230-9C93-608D7A05D7A4} = {FEC7FAA4-8581-4AD1-98AA-84F660DB8E68}
		{9D378207-647F-4D3F-A860-C12FD3817E0C} = {FEC7FAA4-8581-4AD1-98AA-84F660DB8E68}
	EndGlobalSection
	GlobalSection(ExtensibilityGlobals) = postSolution
		SolutionGuid = {7DEFF9CF-11EF-40A8-9D2C-2EDF39C1CC58}
	EndGlobalSection
EndGlobal
